// !$*UTF8*$!
{
	archiveVersion = 1;
	classes = {
	};
	objectVersion = 77;
	objects = {

/* Begin PBXContainerItemProxy section */
		CE9D23922F0AF9F600EEE1BD /* PBXContainerItemProxy */ = {
			isa = PBXContainerItemProxy;
			containerPortal = CE9D23792F0AF9F100EEE1BD /* Project object */;
			proxyType = 1;
			remoteGlobalIDString = CE9D23802F0AF9F100EEE1BD;
			remoteInfo = kursach;
		};
		CE9D239C2F0AF9F700EEE1BD /* PBXContainerItemProxy */ = {
			isa = PBXContainerItemProxy;
			containerPortal = CE9D23792F0AF9F100EEE1BD /* Project object */;
			proxyType = 1;
			remoteGlobalIDString = CE9D23802F0AF9F100EEE1BD;
			remoteInfo = kursach;
		};
/* End PBXContainerItemProxy section */

/* Begin PBXFileReference section */
		CE9D23812F0AF9F100EEE1BD /* kursach.app */ = {isa = PBXFileReference; explicitFileType = wrapper.application; includeInIndex = 0; path = kursach.app; sourceTree = BUILT_PRODUCTS_DIR; };
		CE9D23912F0AF9F600EEE1BD /* kursachTests.xctest */ = {isa = PBXFileReference; explicitFileType = wrapper.cfbundle; includeInIndex = 0; path = kursachTests.xctest; sourceTree = BUILT_PRODUCTS_DIR; };
		CE9D239B2F0AF9F700EEE1BD /* kursachUITests.xctest */ = {isa = PBXFileReference; explicitFileType = wrapper.cfbundle; includeInIndex = 0; path = kursachUITests.xctest; sourceTree = BUILT_PRODUCTS_DIR; };
/* End PBXFileReference section */

/* Begin PBXFileSystemSynchronizedRootGroup section */
		CE9D23832F0AF9F100EEE1BD /* kursach */ = {
			isa = PBXFileSystemSynchronizedRootGroup;
			path = kursach;
			sourceTree = "<group>";
		};
		CE9D23942F0AF9F600EEE1BD /* kursachTests */ = {
			isa = PBXFileSystemSynchronizedRootGroup;
			path = kursachTests;
			sourceTree = "<group>";
		};
		CE9D239E2F0AF9F700EEE1BD /* kursachUITests */ = {
			isa = PBXFileSystemSynchronizedRootGroup;
			path = kursachUITests;
			sourceTree = "<group>";
		};
/* End PBXFileSystemSynchronizedRootGroup section */

/* Begin PBXFrameworksBuildPhase section */
		CE9D237E2F0AF9F100EEE1BD /* Frameworks */ = {
			isa = PBXFrameworksBuildPhase;
			buildActionMask = 2147483647;
			files = (
			);
			runOnlyForDeploymentPostprocessing = 0;
		};
		CE9D238E2F0AF9F600EEE1BD /* Frameworks */ = {
			isa = PBXFrameworksBuildPhase;
			buildActionMask = 2147483647;
			files = (
			);
			runOnlyForDeploymentPostprocessing = 0;
		};
		CE9D23982F0AF9F700EEE1BD /* Frameworks */ = {
			isa = PBXFrameworksBuildPhase;
			buildActionMask = 2147483647;
			files = (
			);
			runOnlyForDeploymentPostprocessing = 0;
		};
/* End PBXFrameworksBuildPhase section */

/* Begin PBXGroup section */
		CE9D23782F0AF9F100EEE1BD = {
			isa = PBXGroup;
			children = (
				CE9D23832F0AF9F100EEE1BD /* kursach */,
				CE9D23942F0AF9F600EEE1BD /* kursachTests */,
				CE9D239E2F0AF9F700EEE1BD /* kursachUITests */,
				CE9D23822F0AF9F100EEE1BD /* Products */,
			);
			sourceTree = "<group>";
		};
		CE9D23822F0AF9F100EEE1BD /* Products */ = {
			isa = PBXGroup;
			children = (
				CE9D23812F0AF9F100EEE1BD /* kursach.app */,
				CE9D23912F0AF9F600EEE1BD /* kursachTests.xctest */,
				CE9D239B2F0AF9F700EEE1BD /* kursachUITests.xctest */,
			);
			name = Products;
			sourceTree = "<group>";
		};
/* End PBXGroup section */

/* Begin PBXNativeTarget section */
		CE9D23802F0AF9F100EEE1BD /* kursach */ = {
			isa = PBXNativeTarget;
			buildConfigurationList = CE9D23A52F0AF9F700EEE1BD /* Build configuration list for PBXNativeTarget "kursach" */;
			buildPhases = (
				CE9D237D2F0AF9F100EEE1BD /* Sources */,
				CE9D237E2F0AF9F100EEE1BD /* Frameworks */,
				CE9D237F2F0AF9F100EEE1BD /* Resources */,
			);
			buildRules = (
			);
			dependencies = (
			);
			fileSystemSynchronizedGroups = (
				CE9D23832F0AF9F100EEE1BD /* kursach */,
			);
			name = kursach;
			packageProductDependencies = (
			);
			productName = kursach;
			productReference = CE9D23812F0AF9F100EEE1BD /* kursach.app */;
			productType = "com.apple.product-type.application";
		};
		CE9D23902F0AF9F600EEE1BD /* kursachTests */ = {
			isa = PBXNativeTarget;
			buildConfigurationList = CE9D23A82F0AF9F700EEE1BD /* Build configuration list for PBXNativeTarget "kursachTests" */;
			buildPhases = (
				CE9D238D2F0AF9F600EEE1BD /* Sources */,
				CE9D238E2F0AF9F600EEE1BD /* Frameworks */,
				CE9D238F2F0AF9F600EEE1BD /* Resources */,
			);
			buildRules = (
			);
			dependencies = (
				CE9D23932F0AF9F600EEE1BD /* PBXTargetDependency */,
			);
			fileSystemSynchronizedGroups = (
				CE9D23942F0AF9F600EEE1BD /* kursachTests */,
			);
			name = kursachTests;
			packageProductDependencies = (
			);
			productName = kursachTests;
			productReference = CE9D23912F0AF9F600EEE1BD /* kursachTests.xctest */;
			productType = "com.apple.product-type.bundle.unit-test";
		};
		CE9D239A2F0AF9F700EEE1BD /* kursachUITests */ = {
			isa = PBXNativeTarget;
			buildConfigurationList = CE9D23AB2F0AF9F700EEE1BD /* Build configuration list for PBXNativeTarget "kursachUITests" */;
			buildPhases = (
				CE9D23972F0AF9F700EEE1BD /* Sources */,
				CE9D23982F0AF9F700EEE1BD /* Frameworks */,
				CE9D23992F0AF9F700EEE1BD /* Resources */,
			);
			buildRules = (
			);
			dependencies = (
				CE9D239D2F0AF9F700EEE1BD /* PBXTargetDependency */,
			);
			fileSystemSynchronizedGroups = (
				CE9D239E2F0AF9F700EEE1BD /* kursachUITests */,
			);
			name = kursachUITests;
			packageProductDependencies = (
			);
			productName = kursachUITests;
			productReference = CE9D239B2F0AF9F700EEE1BD /* kursachUITests.xctest */;
			productType = "com.apple.product-type.bundle.ui-testing";
		};
/* End PBXNativeTarget section */

/* Begin PBXProject section */
		CE9D23792F0AF9F100EEE1BD /* Project object */ = {
			isa = PBXProject;
			attributes = {
				BuildIndependentTargetsInParallel = 1;
				LastSwiftUpdateCheck = 1610;
				LastUpgradeCheck = 1610;
				TargetAttributes = {
					CE9D23802F0AF9F100EEE1BD = {
						CreatedOnToolsVersion = 16.1;
					};
					CE9D23902F0AF9F600EEE1BD = {
						CreatedOnToolsVersion = 16.1;
						TestTargetID = CE9D23802F0AF9F100EEE1BD;
					};
					CE9D239A2F0AF9F700EEE1BD = {
						CreatedOnToolsVersion = 16.1;
						TestTargetID = CE9D23802F0AF9F100EEE1BD;
					};
				};
			};
			buildConfigurationList = CE9D237C2F0AF9F100EEE1BD /* Build configuration list for PBXProject "kursach" */;
			developmentRegion = en;
			hasScannedForEncodings = 0;
			knownRegions = (
				en,
				Base,
			);
			mainGroup = CE9D23782F0AF9F100EEE1BD;
			minimizedProjectReferenceProxies = 1;
			preferredProjectObjectVersion = 77;
			productRefGroup = CE9D23822F0AF9F100EEE1BD /* Products */;
			projectDirPath = "";
			projectRoot = "";
			targets = (
				CE9D23802F0AF9F100EEE1BD /* kursach */,
				CE9D23902F0AF9F600EEE1BD /* kursachTests */,
				CE9D239A2F0AF9F700EEE1BD /* kursachUITests */,
			);
		};
/* End PBXProject section */

/* Begin PBXResourcesBuildPhase section */
		CE9D237F2F0AF9F100EEE1BD /* Resources */ = {
			isa = PBXResourcesBuildPhase;
			buildActionMask = 2147483647;
			files = (
			);
			runOnlyForDeploymentPostprocessing = 0;
		};
		CE9D238F2F0AF9F600EEE1BD /* Resources */ = {
			isa = PBXResourcesBuildPhase;
			buildActionMask = 2147483647;
			files = (
			);
			runOnlyForDeploymentPostprocessing = 0;
		};
		CE9D23992F0AF9F700EEE1BD /* Resources */ = {
			isa = PBXResourcesBuildPhase;
			buildActionMask = 2147483647;
			files = (
			);
			runOnlyForDeploymentPostprocessing = 0;
		};
/* End PBXResourcesBuildPhase section */

/* Begin PBXSourcesBuildPhase section */
		CE9D237D2F0AF9F100EEE1BD /* Sources */ = {
			isa = PBXSourcesBuildPhase;
			buildActionMask = 2147483647;
			files = (
			);
			runOnlyForDeploymentPostprocessing = 0;
		};
		CE9D238D2F0AF9F600EEE1BD /* Sources */ = {
			isa = PBXSourcesBuildPhase;
			buildActionMask = 2147483647;
			files = (
			);
			runOnlyForDeploymentPostprocessing = 0;
		};
		CE9D23972F0AF9F700EEE1BD /* Sources */ = {
			isa = PBXSourcesBuildPhase;
			buildActionMask = 2147483647;
			files = (
			);
			runOnlyForDeploymentPostprocessing = 0;
		};
/* End PBXSourcesBuildPhase section */

/* Begin PBXTargetDependency section */
		CE9D23932F0AF9F600EEE1BD /* PBXTargetDependency */ = {
			isa = PBXTargetDependency;
			target = CE9D23802F0AF9F100EEE1BD /* kursach */;
			targetProxy = CE9D23922F0AF9F600EEE1BD /* PBXContainerItemProxy */;
		};
		CE9D239D2F0AF9F700EEE1BD /* PBXTargetDependency */ = {
			isa = PBXTargetDependency;
			target = CE9D23802F0AF9F100EEE1BD /* kursach */;
			targetProxy = CE9D239C2F0AF9F700EEE1BD /* PBXContainerItemProxy */;
		};
/* End PBXTargetDependency section */

/* Begin XCBuildConfiguration section */
		CE9D23A32F0AF9F700EEE1BD /* Debug */ = {
			isa = XCBuildConfiguration;
			buildSettings = {
				ALWAYS_SEARCH_USER_PATHS = NO;
				ASSETCATALOG_COMPILER_GENERATE_SWIFT_ASSET_SYMBOL_EXTENSIONS = YES;
				CLANG_ANALYZER_NONNULL = YES;
				CLANG_ANALYZER_NUMBER_OBJECT_CONVERSION = YES_AGGRESSIVE;
				CLANG_CXX_LANGUAGE_STANDARD = "gnu++20";
				CLANG_ENABLE_MODULES = YES;
				CLANG_ENABLE_OBJC_ARC = YES;
				CLANG_ENABLE_OBJC_WEAK = YES;
				CLANG_WARN_BLOCK_CAPTURE_AUTORELEASING = YES;
				CLANG_WARN_BOOL_CONVERSION = YES;
				CLANG_WARN_COMMA = YES;
				CLANG_WARN_CONSTANT_CONVERSION = YES;
				CLANG_WARN_DEPRECATED_OBJC_IMPLEMENTATIONS = YES;
				CLANG_WARN_DIRECT_OBJC_ISA_USAGE = YES_ERROR;
				CLANG_WARN_DOCUMENTATION_COMMENTS = YES;
				CLANG_WARN_EMPTY_BODY = YES;
				CLANG_WARN_ENUM_CONVERSION = YES;
				CLANG_WARN_INFINITE_RECURSION = YES;
				CLANG_WARN_INT_CONVERSION = YES;
				CLANG_WARN_NON_LITERAL_NULL_CONVERSION = YES;
				CLANG_WARN_OBJC_IMPLICIT_RETAIN_SELF = YES;
				CLANG_WARN_OBJC_LITERAL_CONVERSION = YES;
				CLANG_WARN_OBJC_ROOT_CLASS = YES_ERROR;
				CLANG_WARN_QUOTED_INCLUDE_IN_FRAMEWORK_HEADER = YES;
				CLANG_WARN_RANGE_LOOP_ANALYSIS = YES;
				CLANG_WARN_STRICT_PROTOTYPES = YES;
				CLANG_WARN_SUSPICIOUS_MOVE = YES;
				CLANG_WARN_UNGUARDED_AVAILABILITY = YES_AGGRESSIVE;
				CLANG_WARN_UNREACHABLE_CODE = YES;
				CLANG_WARN__DUPLICATE_METHOD_MATCH = YES;
				COPY_PHASE_STRIP = NO;
				DEBUG_INFORMATION_FORMAT = dwarf;
				ENABLE_STRICT_OBJC_MSGSEND = YES;
				ENABLE_TESTABILITY = YES;
				ENABLE_USER_SCRIPT_SANDBOXING = YES;
				GCC_C_LANGUAGE_STANDARD = gnu17;
				GCC_DYNAMIC_NO_PIC = NO;
				GCC_NO_COMMON_BLOCKS = YES;
				GCC_OPTIMIZATION_LEVEL = 0;
				GCC_PREPROCESSOR_DEFINITIONS = (
					"DEBUG=1",
					"$(inherited)",
				);
				GCC_WARN_64_TO_32_BIT_CONVERSION = YES;
				GCC_WARN_ABOUT_RETURN_TYPE = YES_ERROR;
				GCC_WARN_UNDECLARED_SELECTOR = YES;
				GCC_WARN_UNINITIALIZED_AUTOS = YES_AGGRESSIVE;
				GCC_WARN_UNUSED_FUNCTION = YES;
				GCC_WARN_UNUSED_VARIABLE = YES;
				IPHONEOS_DEPLOYMENT_TARGET = 18.1;
				LOCALIZATION_PREFERS_STRING_CATALOGS = YES;
				MTL_ENABLE_DEBUG_INFO = INCLUDE_SOURCE;
				MTL_FAST_MATH = YES;
				ONLY_ACTIVE_ARCH = YES;
				SDKROOT = iphoneos;
				SWIFT_ACTIVE_COMPILATION_CONDITIONS = "DEBUG $(inherited)";
				SWIFT_OPTIMIZATION_LEVEL = "-Onone";
			};
			name = Debug;
		};
		CE9D23A42F0AF9F700EEE1BD /* Release */ = {
			isa = XCBuildConfiguration;
			buildSettings = {
				ALWAYS_SEARCH_USER_PATHS = NO;
				ASSETCATALOG_COMPILER_GENERATE_SWIFT_ASSET_SYMBOL_EXTENSIONS = YES;
				CLANG_ANALYZER_NONNULL = YES;
				CLANG_ANALYZER_NUMBER_OBJECT_CONVERSION = YES_AGGRESSIVE;
				CLANG_CXX_LANGUAGE_STANDARD = "gnu++20";
				CLANG_ENABLE_MODULES = YES;
				CLANG_ENABLE_OBJC_ARC = YES;
				CLANG_ENABLE_OBJC_WEAK = YES;
				CLANG_WARN_BLOCK_CAPTURE_AUTORELEASING = YES;
				CLANG_WARN_BOOL_CONVERSION = YES;
				CLANG_WARN_COMMA = YES;
				CLANG_WARN_CONSTANT_CONVERSION = YES;
				CLANG_WARN_DEPRECATED_OBJC_IMPLEMENTATIONS = YES;
				CLANG_WARN_DIRECT_OBJC_ISA_USAGE = YES_ERROR;
				CLANG_WARN_DOCUMENTATION_COMMENTS = YES;
				CLANG_WARN_EMPTY_BODY = YES;
				CLANG_WARN_ENUM_CONVERSION = YES;
				CLANG_WARN_INFINITE_RECURSION = YES;
				CLANG_WARN_INT_CONVERSION = YES;
				CLANG_WARN_NON_LITERAL_NULL_CONVERSION = YES;
				CLANG_WARN_OBJC_IMPLICIT_RETAIN_SELF = YES;
				CLANG_WARN_OBJC_LITERAL_CONVERSION = YES;
				CLANG_WARN_OBJC_ROOT_CLASS = YES_ERROR;
				CLANG_WARN_QUOTED_INCLUDE_IN_FRAMEWORK_HEADER = YES;
				CLANG_WARN_RANGE_LOOP_ANALYSIS = YES;
				CLANG_WARN_STRICT_PROTOTYPES = YES;
				CLANG_WARN_SUSPICIOUS_MOVE = YES;
				CLANG_WARN_UNGUARDED_AVAILABILITY = YES_AGGRESSIVE;
				CLANG_WARN_UNREACHABLE_CODE = YES;
				CLANG_WARN__DUPLICATE_METHOD_MATCH = YES;
				COPY_PHASE_STRIP = NO;
				DEBUG_INFORMATION_FORMAT = "dwarf-with-dsym";
				ENABLE_NS_ASSERTIONS = NO;
				ENABLE_STRICT_OBJC_MSGSEND = YES;
				ENABLE_USER_SCRIPT_SANDBOXING = YES;
				GCC_C_LANGUAGE_STANDARD = gnu17;
				GCC_NO_COMMON_BLOCKS = YES;
				GCC_WARN_64_TO_32_BIT_CONVERSION = YES;
				GCC_WARN_ABOUT_RETURN_TYPE = YES_ERROR;
				GCC_WARN_UNDECLARED_SELECTOR = YES;
				GCC_WARN_UNINITIALIZED_AUTOS = YES_AGGRESSIVE;
				GCC_WARN_UNUSED_FUNCTION = YES;
				GCC_WARN_UNUSED_VARIABLE = YES;
				IPHONEOS_DEPLOYMENT_TARGET = 18.1;
				LOCALIZATION_PREFERS_STRING_CATALOGS = YES;
				MTL_ENABLE_DEBUG_INFO = NO;
				MTL_FAST_MATH = YES;
				SDKROOT = iphoneos;
				SWIFT_COMPILATION_MODE = wholemodule;
				VALIDATE_PRODUCT = YES;
			};
			name = Release;
		};
		CE9D23A62F0AF9F700EEE1BD /* Debug */ = {
			isa = XCBuildConfiguration;
			buildSettings = {
				ASSETCATALOG_COMPILER_APPICON_NAME = AppIcon;
				ASSETCATALOG_COMPILER_GLOBAL_ACCENT_COLOR_NAME = AccentColor;
				CODE_SIGN_STYLE = Automatic;
				CURRENT_PROJECT_VERSION = 1;
				DEVELOPMENT_ASSET_PATHS = "\"kursach/Preview Content\"";
				ENABLE_PREVIEWS = YES;
				GENERATE_INFOPLIST_FILE = YES;
				INFOPLIST_KEY_UIApplicationSceneManifest_Generation = YES;
				INFOPLIST_KEY_UIApplicationSupportsIndirectInputEvents = YES;
				INFOPLIST_KEY_UILaunchScreen_Generation = YES;
				INFOPLIST_KEY_UISupportedInterfaceOrientations_iPad = "UIInterfaceOrientationPortrait UIInterfaceOrientationPortraitUpsideDown UIInterfaceOrientationLandscapeLeft UIInterfaceOrientationLandscapeRight";
				INFOPLIST_KEY_UISupportedInterfaceOrientations_iPhone = "UIInterfaceOrientationPortrait UIInterfaceOrientationLandscapeLeft UIInterfaceOrientationLandscapeRight";
				LD_RUNPATH_SEARCH_PATHS = (
					"$(inherited)",
					"@executable_path/Frameworks",
				);
				MARKETING_VERSION = 1.0;
				PRODUCT_BUNDLE_IDENTIFIER = lab.kursach;
				PRODUCT_NAME = "$(TARGET_NAME)";
				SWIFT_EMIT_LOC_STRINGS = YES;
				SWIFT_VERSION = 5.0;
				TARGETED_DEVICE_FAMILY = "1,2";
			};
			name = Debug;
		};
		CE9D23A72F0AF9F700EEE1BD /* Release */ = {
			isa = XCBuildConfiguration;
			buildSettings = {
				ASSETCATALOG_COMPILER_APPICON_NAME = AppIcon;
				ASSETCATALOG_COMPILER_GLOBAL_ACCENT_COLOR_NAME = AccentColor;
				CODE_SIGN_STYLE = Automatic;
				CURRENT_PROJECT_VERSION = 1;
				DEVELOPMENT_ASSET_PATHS = "\"kursach/Preview Content\"";
				ENABLE_PREVIEWS = YES;
				GENERATE_INFOPLIST_FILE = YES;
				INFOPLIST_KEY_UIApplicationSceneManifest_Generation = YES;
				INFOPLIST_KEY_UIApplicationSupportsIndirectInputEvents = YES;
				INFOPLIST_KEY_UILaunchScreen_Generation = YES;
				INFOPLIST_KEY_UISupportedInterfaceOrientations_iPad = "UIInterfaceOrientationPortrait UIInterfaceOrientationPortraitUpsideDown UIInterfaceOrientationLandscapeLeft UIInterfaceOrientationLandscapeRight";
				INFOPLIST_KEY_UISupportedInterfaceOrientations_iPhone = "UIInterfaceOrientationPortrait UIInterfaceOrientationLandscapeLeft UIInterfaceOrientationLandscapeRight";
				LD_RUNPATH_SEARCH_PATHS = (
					"$(inherited)",
					"@executable_path/Frameworks",
				);
				MARKETING_VERSION = 1.0;
				PRODUCT_BUNDLE_IDENTIFIER = lab.kursach;
				PRODUCT_NAME = "$(TARGET_NAME)";
				SWIFT_EMIT_LOC_STRINGS = YES;
				SWIFT_VERSION = 5.0;
				TARGETED_DEVICE_FAMILY = "1,2";
			};
			name = Release;
		};
		CE9D23A92F0AF9F700EEE1BD /* Debug */ = {
			isa = XCBuildConfiguration;
			buildSettings = {
				BUNDLE_LOADER = "$(TEST_HOST)";
				CODE_SIGN_STYLE = Automatic;
				CURRENT_PROJECT_VERSION = 1;
				GENERATE_INFOPLIST_FILE = YES;
				IPHONEOS_DEPLOYMENT_TARGET = 18.1;
				MARKETING_VERSION = 1.0;
				PRODUCT_BUNDLE_IDENTIFIER = lab.kursachTests;
				PRODUCT_NAME = "$(TARGET_NAME)";
				SWIFT_EMIT_LOC_STRINGS = NO;
				SWIFT_VERSION = 5.0;
				TARGETED_DEVICE_FAMILY = "1,2";
				TEST_HOST = "$(BUILT_PRODUCTS_DIR)/kursach.app/$(BUNDLE_EXECUTABLE_FOLDER_PATH)/kursach";
			};
			name = Debug;
		};
		CE9D23AA2F0AF9F700EEE1BD /* Release */ = {
			isa = XCBuildConfiguration;
			buildSettings = {
				BUNDLE_LOADER = "$(TEST_HOST)";
				CODE_SIGN_STYLE = Automatic;
				CURRENT_PROJECT_VERSION = 1;
				GENERATE_INFOPLIST_FILE = YES;
				IPHONEOS_DEPLOYMENT_TARGET = 18.1;
				MARKETING_VERSION = 1.0;
				PRODUCT_BUNDLE_IDENTIFIER = lab.kursachTests;
				PRODUCT_NAME = "$(TARGET_NAME)";
				SWIFT_EMIT_LOC_STRINGS = NO;
				SWIFT_VERSION = 5.0;
				TARGETED_DEVICE_FAMILY = "1,2";
				TEST_HOST = "$(BUILT_PRODUCTS_DIR)/kursach.app/$(BUNDLE_EXECUTABLE_FOLDER_PATH)/kursach";
			};
			name = Release;
		};
		CE9D23AC2F0AF9F700EEE1BD /* Debug */ = {
			isa = XCBuildConfiguration;
			buildSettings = {
				CODE_SIGN_STYLE = Automatic;
				CURRENT_PROJECT_VERSION = 1;
				GENERATE_INFOPLIST_FILE = YES;
				MARKETING_VERSION = 1.0;
				PRODUCT_BUNDLE_IDENTIFIER = lab.kursachUITests;
				PRODUCT_NAME = "$(TARGET_NAME)";
				SWIFT_EMIT_LOC_STRINGS = NO;
				SWIFT_VERSION = 5.0;
				TARGETED_DEVICE_FAMILY = "1,2";
				TEST_TARGET_NAME = kursach;
			};
			name = Debug;
		};
		CE9D23AD2F0AF9F700EEE1BD /* Release */ = {
			isa = XCBuildConfiguration;
			buildSettings = {
				CODE_SIGN_STYLE = Automatic;
				CURRENT_PROJECT_VERSION = 1;
				GENERATE_INFOPLIST_FILE = YES;
				MARKETING_VERSION = 1.0;
				PRODUCT_BUNDLE_IDENTIFIER = lab.kursachUITests;
				PRODUCT_NAME = "$(TARGET_NAME)";
				SWIFT_EMIT_LOC_STRINGS = NO;
				SWIFT_VERSION = 5.0;
				TARGETED_DEVICE_FAMILY = "1,2";
				TEST_TARGET_NAME = kursach;
			};
			name = Release;
		};
/* End XCBuildConfiguration section */

/* Begin XCConfigurationList section */
		CE9D237C2F0AF9F100EEE1BD /* Build configuration list for PBXProject "kursach" */ = {
			isa = XCConfigurationList;
			buildConfigurations = (
				CE9D23A32F0AF9F700EEE1BD /* Debug */,
				CE9D23A42F0AF9F700EEE1BD /* Release */,
			);
			defaultConfigurationIsVisible = 0;
			defaultConfigurationName = Release;
		};
		CE9D23A52F0AF9F700EEE1BD /* Build configuration list for PBXNativeTarget "kursach" */ = {
			isa = XCConfigurationList;
			buildConfigurations = (
				CE9D23A62F0AF9F700EEE1BD /* Debug */,
				CE9D23A72F0AF9F700EEE1BD /* Release */,
			);
			defaultConfigurationIsVisible = 0;
			defaultConfigurationName = Release;
		};
		CE9D23A82F0AF9F700EEE1BD /* Build configuration list for PBXNativeTarget "kursachTests" */ = {
			isa = XCConfigurationList;
			buildConfigurations = (
				CE9D23A92F0AF9F700EEE1BD /* Debug */,
				CE9D23AA2F0AF9F700EEE1BD /* Release */,
			);
			defaultConfigurationIsVisible = 0;
			defaultConfigurationName = Release;
		};
		CE9D23AB2F0AF9F700EEE1BD /* Build configuration list for PBXNativeTarget "kursachUITests" */ = {
			isa = XCConfigurationList;
			buildConfigurations = (
				CE9D23AC2F0AF9F700EEE1BD /* Debug */,
				CE9D23AD2F0AF9F700EEE1BD /* Release */,
			);
			defaultConfigurationIsVisible = 0;
			defaultConfigurationName = Release;
		};
/* End XCConfigurationList section */
	};
	rootObject = CE9D23792F0AF9F100EEE1BD /* Project object */;
}
